
Microsoft Visual Studio Solution File, Format Version 12.00
# Visual Studio Version 16
VisualStudioVersion = 16.0.32002.261
MinimumVisualStudioVersion = 10.0.40219.1
Project("{8BC9CEB8-8B4A-11D0-8D11-00A0C91BC942}") = "day6", "day6\day6.vcxproj", "{18CC48E0-64C9-4644-BBF7-C3A0F8DA5F70}"
EndProject
Project("{8BC9CEB8-8B4A-11D0-8D11-00A0C91BC942}") = "add 1 to 100", "add 1 to 100\add 1 to 100.vcxproj", "{57BEFDB0-8648-421C-BA23-FA3047189DB7}"
EndProject
Global
	GlobalSection(SolutionConfigurationPlatforms) = preSolution
		Debug|x64 = Debug|x64
		Debug|x86 = Debug|x86
		Release|x64 = Release|x64
		Release|x86 = Release|x86
	EndGlobalSection
	GlobalSection(ProjectConfigurationPlatforms) = postSolution
		{18CC48E0-64C9-4644-BBF7-C3A0F8DA5F70}.Debug|x64.ActiveCfg = Debug|x64
		{18CC48E0-64C9-4644-BBF7-C3A0F8DA5F70}.Debug|x64.Build.0 = Debug|x64
		{18CC48E0-64C9-4644-BBF7-C3A0F8DA5F70}.Debug|x86.ActiveCfg = Debug|Win32
		{18CC48E0-64C9-4644-BBF7-C3A0F8DA5F70}.Debug|x86.Build.0 = Debug|Win32
		{18CC48E0-64C9-4644-BBF7-C3A0F8DA5F70}.Release|x64.ActiveCfg = Release|x64
		{18CC48E0-64C9-4644-BBF7-C3A0F8DA5F70}.Release|x64.Build.0 = Release|x64
		{18CC48E0-64C9-4644-BBF7-C3A0F8DA5F70}.Release|x86.ActiveCfg = Release|Win32
		{18CC48E0-64C9-4644-BBF7-C3A0F8DA5F70}.Release|x86.Build.0 = Release|Win32
		{57BEFDB0-8648-421C-BA23-FA3047189DB7}.Debug|x64.ActiveCfg = Debug|x64
		{57BEFDB0-8648-421C-BA23-FA3047189DB7}.Debug|x64.Build.0 = Debug|x64
		{57BEFDB0-8648-421C-BA23-FA3047189DB7}.Debug|x86.ActiveCfg = Debug|Win32
		{57BEFDB0-8648-421C-BA23-FA3047189DB7}.Debug|x86.Build.0 = Debug|Win32
		{57BEFDB0-8648-421C-BA23-FA3047189DB7}.Release|x64.ActiveCfg = Release|x64
		{57BEFDB0-8648-421C-BA23-FA3047189DB7}.Release|x64.Build.0 = Release|x64
		{57BEFDB0-8648-421C-BA23-FA3047189DB7}.Release|x86.ActiveCfg = Release|Win32
		{57BEFDB0-8648-421C-BA23-FA3047189DB7}.Release|x86.Build.0 = Release|Win32
	EndGlobalSection
	GlobalSection(SolutionProperties) = preSolution
		HideSolutionNode = FALSE
	EndGlobalSection
	GlobalSection(ExtensibilityGlobals) = postSolution
		SolutionGuid = {549958B9-6B43-4210-BEFA-5351BB0426E9}
	EndGlobalSection
EndGlobal
