
Microsoft Visual Studio Solution File, Format Version 12.00
# Visual Studio 2012
Project("{8BC9CEB8-8B4A-11D0-8D11-00A0C91BC942}") = "use_scanf", "use_scanf\use_scanf.vcxproj", "{8CCFC607-A3E0-46C0-B6DD-4AB8EF382D7C}"
EndProject
Project("{8BC9CEB8-8B4A-11D0-8D11-00A0C91BC942}") = "day2_2", "day2_2\day2_2.vcxproj", "{5AD3E71A-9EE7-4293-B048-24BE9965FE88}"
EndProject
Global
	GlobalSection(SolutionConfigurationPlatforms) = preSolution
		Debug|Win32 = Debug|Win32
		Release|Win32 = Release|Win32
	EndGlobalSection
	GlobalSection(ProjectConfigurationPlatforms) = postSolution
		{8CCFC607-A3E0-46C0-B6DD-4AB8EF382D7C}.Debug|Win32.ActiveCfg = Debug|Win32
		{8CCFC607-A3E0-46C0-B6DD-4AB8EF382D7C}.Debug|Win32.Build.0 = Debug|Win32
		{8CCFC607-A3E0-46C0-B6DD-4AB8EF382D7C}.Release|Win32.ActiveCfg = Release|Win32
		{8CCFC607-A3E0-46C0-B6DD-4AB8EF382D7C}.Release|Win32.Build.0 = Release|Win32
		{5AD3E71A-9EE7-4293-B048-24BE9965FE88}.Debug|Win32.ActiveCfg = Debug|Win32
		{5AD3E71A-9EE7-4293-B048-24BE9965FE88}.Debug|Win32.Build.0 = Debug|Win32
		{5AD3E71A-9EE7-4293-B048-24BE9965FE88}.Release|Win32.ActiveCfg = Release|Win32
		{5AD3E71A-9EE7-4293-B048-24BE9965FE88}.Release|Win32.Build.0 = Release|Win32
	EndGlobalSection
	GlobalSection(SolutionProperties) = preSolution
		HideSolutionNode = FALSE
	EndGlobalSection
EndGlobal
