
Microsoft Visual Studio Solution File, Format Version 12.00
# Visual Studio Version 16
VisualStudioVersion = 16.0.32002.261
MinimumVisualStudioVersion = 10.0.40219.1
Project("{8BC9CEB8-8B4A-11D0-8D11-00A0C91BC942}") = "mid_day1", "MiddleStage\MiddleStage.vcxproj", "{5E1AD1B4-084E-41C6-9766-3D00E0963E86}"
EndProject
Project("{8BC9CEB8-8B4A-11D0-8D11-00A0C91BC942}") = "mid_day2", "mid_day2\mid_day2.vcxproj", "{804CA8D8-127B-4B60-B738-FFACDBC208F2}"
EndProject
Project("{8BC9CEB8-8B4A-11D0-8D11-00A0C91BC942}") = "mid_day3", "mid_day3\mid_day3.vcxproj", "{0522974D-66DF-4882-A60D-7DF8ACA959F3}"
EndProject
Project("{8BC9CEB8-8B4A-11D0-8D11-00A0C91BC942}") = "mid_day3_homework", "mid_day3_homework\mid_day3_homework.vcxproj", "{CA13B68B-16E5-4E87-9C16-D1A502F5781B}"
EndProject
Project("{8BC9CEB8-8B4A-11D0-8D11-00A0C91BC942}") = "mid_day4", "mid_day4\mid_day4.vcxproj", "{F3B41D83-5203-4A02-AF10-727F95952062}"
EndProject
Project("{8BC9CEB8-8B4A-11D0-8D11-00A0C91BC942}") = "mid_day5", "mid_day5\mid_day5.vcxproj", "{AD9DC137-0027-4E12-B294-A09270CEC143}"
EndProject
Project("{8BC9CEB8-8B4A-11D0-8D11-00A0C91BC942}") = "mid_day6", "mid_day6\mid_day6.vcxproj", "{0FB842F6-9B99-41E4-933B-D3515690D004}"
EndProject
Project("{8BC9CEB8-8B4A-11D0-8D11-00A0C91BC942}") = "mid_day5_homework", "mid_day5_homework\mid_day5_homework.vcxproj", "{AD726405-5C34-474D-9F89-6D24B61DE159}"
EndProject
Project("{8BC9CEB8-8B4A-11D0-8D11-00A0C91BC942}") = "mid_day6_homework", "mid_day6_homework\mid_day6_homework.vcxproj", "{9165670D-660F-428F-8185-00F13C6E7E4F}"
EndProject
Project("{8BC9CEB8-8B4A-11D0-8D11-00A0C91BC942}") = "mid_day7", "mid_day7\mid_day7.vcxproj", "{329A042A-2D0D-4BD0-8699-BB8F1802E4E0}"
EndProject
Project("{8BC9CEB8-8B4A-11D0-8D11-00A0C91BC942}") = "mid_day7_homework", "mid_day7_homework\mid_day7_homework.vcxproj", "{7B02AA5A-720C-4586-8F02-1116A1C83D45}"
EndProject
Global
	GlobalSection(SolutionConfigurationPlatforms) = preSolution
		Debug|x64 = Debug|x64
		Debug|x86 = Debug|x86
		Release|x64 = Release|x64
		Release|x86 = Release|x86
	EndGlobalSection
	GlobalSection(ProjectConfigurationPlatforms) = postSolution
		{5E1AD1B4-084E-41C6-9766-3D00E0963E86}.Debug|x64.ActiveCfg = Debug|x64
		{5E1AD1B4-084E-41C6-9766-3D00E0963E86}.Debug|x64.Build.0 = Debug|x64
		{5E1AD1B4-084E-41C6-9766-3D00E0963E86}.Debug|x86.ActiveCfg = Debug|Win32
		{5E1AD1B4-084E-41C6-9766-3D00E0963E86}.Debug|x86.Build.0 = Debug|Win32
		{5E1AD1B4-084E-41C6-9766-3D00E0963E86}.Release|x64.ActiveCfg = Release|x64
		{5E1AD1B4-084E-41C6-9766-3D00E0963E86}.Release|x64.Build.0 = Release|x64
		{5E1AD1B4-084E-41C6-9766-3D00E0963E86}.Release|x86.ActiveCfg = Release|Win32
		{5E1AD1B4-084E-41C6-9766-3D00E0963E86}.Release|x86.Build.0 = Release|Win32
		{804CA8D8-127B-4B60-B738-FFACDBC208F2}.Debug|x64.ActiveCfg = Debug|x64
		{804CA8D8-127B-4B60-B738-FFACDBC208F2}.Debug|x64.Build.0 = Debug|x64
		{804CA8D8-127B-4B60-B738-FFACDBC208F2}.Debug|x86.ActiveCfg = Debug|Win32
		{804CA8D8-127B-4B60-B738-FFACDBC208F2}.Debug|x86.Build.0 = Debug|Win32
		{804CA8D8-127B-4B60-B738-FFACDBC208F2}.Release|x64.ActiveCfg = Release|x64
		{804CA8D8-127B-4B60-B738-FFACDBC208F2}.Release|x64.Build.0 = Release|x64
		{804CA8D8-127B-4B60-B738-FFACDBC208F2}.Release|x86.ActiveCfg = Release|Win32
		{804CA8D8-127B-4B60-B738-FFACDBC208F2}.Release|x86.Build.0 = Release|Win32
		{0522974D-66DF-4882-A60D-7DF8ACA959F3}.Debug|x64.ActiveCfg = Debug|x64
		{0522974D-66DF-4882-A60D-7DF8ACA959F3}.Debug|x64.Build.0 = Debug|x64
		{0522974D-66DF-4882-A60D-7DF8ACA959F3}.Debug|x86.ActiveCfg = Debug|Win32
		{0522974D-66DF-4882-A60D-7DF8ACA959F3}.Debug|x86.Build.0 = Debug|Win32
		{0522974D-66DF-4882-A60D-7DF8ACA959F3}.Release|x64.ActiveCfg = Release|x64
		{0522974D-66DF-4882-A60D-7DF8ACA959F3}.Release|x64.Build.0 = Release|x64
		{0522974D-66DF-4882-A60D-7DF8ACA959F3}.Release|x86.ActiveCfg = Release|Win32
		{0522974D-66DF-4882-A60D-7DF8ACA959F3}.Release|x86.Build.0 = Release|Win32
		{CA13B68B-16E5-4E87-9C16-D1A502F5781B}.Debug|x64.ActiveCfg = Debug|x64
		{CA13B68B-16E5-4E87-9C16-D1A502F5781B}.Debug|x64.Build.0 = Debug|x64
		{CA13B68B-16E5-4E87-9C16-D1A502F5781B}.Debug|x86.ActiveCfg = Debug|Win32
		{CA13B68B-16E5-4E87-9C16-D1A502F5781B}.Debug|x86.Build.0 = Debug|Win32
		{CA13B68B-16E5-4E87-9C16-D1A502F5781B}.Release|x64.ActiveCfg = Release|x64
		{CA13B68B-16E5-4E87-9C16-D1A502F5781B}.Release|x64.Build.0 = Release|x64
		{CA13B68B-16E5-4E87-9C16-D1A502F5781B}.Release|x86.ActiveCfg = Release|Win32
		{CA13B68B-16E5-4E87-9C16-D1A502F5781B}.Release|x86.Build.0 = Release|Win32
		{F3B41D83-5203-4A02-AF10-727F95952062}.Debug|x64.ActiveCfg = Debug|x64
		{F3B41D83-5203-4A02-AF10-727F95952062}.Debug|x64.Build.0 = Debug|x64
		{F3B41D83-5203-4A02-AF10-727F95952062}.Debug|x86.ActiveCfg = Debug|Win32
		{F3B41D83-5203-4A02-AF10-727F95952062}.Debug|x86.Build.0 = Debug|Win32
		{F3B41D83-5203-4A02-AF10-727F95952062}.Release|x64.ActiveCfg = Release|x64
		{F3B41D83-5203-4A02-AF10-727F95952062}.Release|x64.Build.0 = Release|x64
		{F3B41D83-5203-4A02-AF10-727F95952062}.Release|x86.ActiveCfg = Release|Win32
		{F3B41D83-5203-4A02-AF10-727F95952062}.Release|x86.Build.0 = Release|Win32
		{AD9DC137-0027-4E12-B294-A09270CEC143}.Debug|x64.ActiveCfg = Debug|x64
		{AD9DC137-0027-4E12-B294-A09270CEC143}.Debug|x64.Build.0 = Debug|x64
		{AD9DC137-0027-4E12-B294-A09270CEC143}.Debug|x86.ActiveCfg = Debug|Win32
		{AD9DC137-0027-4E12-B294-A09270CEC143}.Debug|x86.Build.0 = Debug|Win32
		{AD9DC137-0027-4E12-B294-A09270CEC143}.Release|x64.ActiveCfg = Release|x64
		{AD9DC137-0027-4E12-B294-A09270CEC143}.Release|x64.Build.0 = Release|x64
		{AD9DC137-0027-4E12-B294-A09270CEC143}.Release|x86.ActiveCfg = Release|Win32
		{AD9DC137-0027-4E12-B294-A09270CEC143}.Release|x86.Build.0 = Release|Win32
		{0FB842F6-9B99-41E4-933B-D3515690D004}.Debug|x64.ActiveCfg = Debug|x64
		{0FB842F6-9B99-41E4-933B-D3515690D004}.Debug|x64.Build.0 = Debug|x64
		{0FB842F6-9B99-41E4-933B-D3515690D004}.Debug|x86.ActiveCfg = Debug|Win32
		{0FB842F6-9B99-41E4-933B-D3515690D004}.Debug|x86.Build.0 = Debug|Win32
		{0FB842F6-9B99-41E4-933B-D3515690D004}.Release|x64.ActiveCfg = Release|x64
		{0FB842F6-9B99-41E4-933B-D3515690D004}.Release|x64.Build.0 = Release|x64
		{0FB842F6-9B99-41E4-933B-D3515690D004}.Release|x86.ActiveCfg = Release|Win32
		{0FB842F6-9B99-41E4-933B-D3515690D004}.Release|x86.Build.0 = Release|Win32
		{AD726405-5C34-474D-9F89-6D24B61DE159}.Debug|x64.ActiveCfg = Debug|x64
		{AD726405-5C34-474D-9F89-6D24B61DE159}.Debug|x64.Build.0 = Debug|x64
		{AD726405-5C34-474D-9F89-6D24B61DE159}.Debug|x86.ActiveCfg = Debug|Win32
		{AD726405-5C34-474D-9F89-6D24B61DE159}.Debug|x86.Build.0 = Debug|Win32
		{AD726405-5C34-474D-9F89-6D24B61DE159}.Release|x64.ActiveCfg = Release|x64
		{AD726405-5C34-474D-9F89-6D24B61DE159}.Release|x64.Build.0 = Release|x64
		{AD726405-5C34-474D-9F89-6D24B61DE159}.Release|x86.ActiveCfg = Release|Win32
		{AD726405-5C34-474D-9F89-6D24B61DE159}.Release|x86.Build.0 = Release|Win32
		{9165670D-660F-428F-8185-00F13C6E7E4F}.Debug|x64.ActiveCfg = Debug|x64
		{9165670D-660F-428F-8185-00F13C6E7E4F}.Debug|x64.Build.0 = Debug|x64
		{9165670D-660F-428F-8185-00F13C6E7E4F}.Debug|x86.ActiveCfg = Debug|Win32
		{9165670D-660F-428F-8185-00F13C6E7E4F}.Debug|x86.Build.0 = Debug|Win32
		{9165670D-660F-428F-8185-00F13C6E7E4F}.Release|x64.ActiveCfg = Release|x64
		{9165670D-660F-428F-8185-00F13C6E7E4F}.Release|x64.Build.0 = Release|x64
		{9165670D-660F-428F-8185-00F13C6E7E4F}.Release|x86.ActiveCfg = Release|Win32
		{9165670D-660F-428F-8185-00F13C6E7E4F}.Release|x86.Build.0 = Release|Win32
		{329A042A-2D0D-4BD0-8699-BB8F1802E4E0}.Debug|x64.ActiveCfg = Debug|x64
		{329A042A-2D0D-4BD0-8699-BB8F1802E4E0}.Debug|x64.Build.0 = Debug|x64
		{329A042A-2D0D-4BD0-8699-BB8F1802E4E0}.Debug|x86.ActiveCfg = Debug|Win32
		{329A042A-2D0D-4BD0-8699-BB8F1802E4E0}.Debug|x86.Build.0 = Debug|Win32
		{329A042A-2D0D-4BD0-8699-BB8F1802E4E0}.Release|x64.ActiveCfg = Release|x64
		{329A042A-2D0D-4BD0-8699-BB8F1802E4E0}.Release|x64.Build.0 = Release|x64
		{329A042A-2D0D-4BD0-8699-BB8F1802E4E0}.Release|x86.ActiveCfg = Release|Win32
		{329A042A-2D0D-4BD0-8699-BB8F1802E4E0}.Release|x86.Build.0 = Release|Win32
		{7B02AA5A-720C-4586-8F02-1116A1C83D45}.Debug|x64.ActiveCfg = Debug|x64
		{7B02AA5A-720C-4586-8F02-1116A1C83D45}.Debug|x64.Build.0 = Debug|x64
		{7B02AA5A-720C-4586-8F02-1116A1C83D45}.Debug|x86.ActiveCfg = Debug|Win32
		{7B02AA5A-720C-4586-8F02-1116A1C83D45}.Debug|x86.Build.0 = Debug|Win32
		{7B02AA5A-720C-4586-8F02-1116A1C83D45}.Release|x64.ActiveCfg = Release|x64
		{7B02AA5A-720C-4586-8F02-1116A1C83D45}.Release|x64.Build.0 = Release|x64
		{7B02AA5A-720C-4586-8F02-1116A1C83D45}.Release|x86.ActiveCfg = Release|Win32
		{7B02AA5A-720C-4586-8F02-1116A1C83D45}.Release|x86.Build.0 = Release|Win32
	EndGlobalSection
	GlobalSection(SolutionProperties) = preSolution
		HideSolutionNode = FALSE
	EndGlobalSection
	GlobalSection(ExtensibilityGlobals) = postSolution
		SolutionGuid = {6D1CD1BE-A136-4440-8E29-2A5D28FEABA0}
	EndGlobalSection
EndGlobal
